# This file is automatically @generated by Cargo.
# It is not intended for manual editing.
version = 3

[[package]]
name = "crate-a"
version = "0.1.0"

[[package]]
name = "crate-b"
version = "0.2.0"

[[package]]
name = "serde"
version = "1.0.193"
source = "registry+https://github.com/rust-lang/crates.io-index"
checksum = "a1b2c3d4e5f6a7b8c9d0e1f2a3b4c5d6e7f8a9b0c1d2e3f4a5b6c7d8e9f0a1b2"

[[package]]
name = "tokio"
version = "1.35.0"
source = "registry+https://github.com/rust-lang/crates.io-index"
checksum = "d4e5f6a7b8c9d0e1f2a3b4c5d6e7f8a9b0c1d2e3f4a5b6c7d8e9f0a1b2c3d4e5"

[[package]]
name = "pin-project-lite"
version = "0.2.13"
source = "registry+https://github.com/rust-lang/crates.io-index"
checksum = "8b05dbd903f053e8c5a1ab3c2a9c9e0f5e7e3b6f4a2d1c0b9a8f7e6d5c4b3a2f"
